
Microsoft Visual Studio Solution File, Format Version 12.00
# Visual Studio Version 16
VisualStudioVersion = 16.0.29911.84
MinimumVisualStudioVersion = 10.0.40219.1
Project("{9A19103F-16F7-4668-BE54-9A1E7A4F7556}") = "ViewApplication", "ViewApplication\ViewApplication.csproj", "{992211D3-0BAC-478F-87B2-D9C1093DDDAE}"
EndProject
Project("{FAE04EC0-301F-11D3-BF4B-00C04F79EFBC}") = "UnitTests", "UnitTests\UnitTests.csproj", "{9D5F2FCE-D8FA-4218-B7ED-ED924E5783E9}"
EndProject

Global
	GlobalSection(SolutionConfigurationPlatforms) = preSolution
		Debug|Any CPU = Debug|Any CPU
		Release|Any CPU = Release|Any CPU
	EndGlobalSection
	GlobalSection(ProjectConfigurationPlatforms) = postSolution
		{992211D3-0BAC-478F-87B2-D9C1093DDDAE}.Debug|Any CPU.ActiveCfg = Debug|Any CPU
		{992211D3-0BAC-478F-87B2-D9C1093DDDAE}.Debug|Any CPU.Build.0 = Debug|Any CPU
		{992211D3-0BAC-478F-87B2-D9C1093DDDAE}.Release|Any CPU.ActiveCfg = Release|Any CPU
		{992211D3-0BAC-478F-87B2-D9C1093DDDAE}.Release|Any CPU.Build.0 = Release|Any CPU
		{9D5F2FCE-D8FA-4218-B7ED-ED924E5783E9}.Debug|Any CPU.ActiveCfg = Debug|Any CPU
		{9D5F2FCE-D8FA-4218-B7ED-ED924E5783E9}.Debug|Any CPU.Build.0 = Debug|Any CPU
		{9D5F2FCE-D8FA-4218-B7ED-ED924E5783E9}.Release|Any CPU.ActiveCfg = Release|Any CPU
		{9D5F2FCE-D8FA-4218-B7ED-ED924E5783E9}.Release|Any CPU.Build.0 = Release|Any CPU
	EndGlobalSection
	GlobalSection(SolutionProperties) = preSolution
		HideSolutionNode = FALSE
	EndGlobalSection
	GlobalSection(ExtensibilityGlobals) = postSolution
		SolutionGuid = {37E0463C-0354-4174-BDE7-0620D751A532}
	EndGlobalSection
EndGlobal
